
Microsoft Visual Studio Solution File, Format Version 12.00
# Visual Studio Version 17
VisualStudioVersion = 17.4.33403.182
MinimumVisualStudioVersion = 10.0.40219.1
Project("{9A19103F-16F7-4668-BE54-9A1E7A4F7556}") = "HCM.Auth", "HCM.Auth\HCM.Auth.csproj", "{F226B1A9-7970-4D16-87C5-F001BE000207}"
EndProject
Project("{9A19103F-16F7-4668-BE54-9A1E7A4F7556}") = "HCM.Api", "HCM.Api\HCM.Api.csproj", "{B5B35690-C41F-4FFC-B16F-160CA7DBE68A}"
EndProject
Project("{FAE04EC0-301F-11D3-BF4B-00C04F79EFBC}") = "HCM.TestConsoleApp", "HCM.TestConsoleApp\HCM.TestConsoleApp.csproj", "{844C4AD8-16B8-4D09-B470-B0E2C70C7237}"
EndProject
Project("{FAE04EC0-301F-11D3-BF4B-00C04F79EFBC}") = "HCM.App", "HCM.App\HCM.App.csproj", "{5D11BEE8-5552-42A3-B810-B9CE2CB80070}"
EndProject
Project("{9A19103F-16F7-4668-BE54-9A1E7A4F7556}") = "SinglePageApplication", "SinglePageApplication\SinglePageApplication.csproj", "{F6EB31F0-EF02-4E7A-B4B6-F556FAD3CCC6}"
EndProject
Global
	GlobalSection(SolutionConfigurationPlatforms) = preSolution
		Debug|Any CPU = Debug|Any CPU
		Release|Any CPU = Release|Any CPU
	EndGlobalSection
	GlobalSection(ProjectConfigurationPlatforms) = postSolution
		{F226B1A9-7970-4D16-87C5-F001BE000207}.Debug|Any CPU.ActiveCfg = Debug|Any CPU
		{F226B1A9-7970-4D16-87C5-F001BE000207}.Debug|Any CPU.Build.0 = Debug|Any CPU
		{F226B1A9-7970-4D16-87C5-F001BE000207}.Release|Any CPU.ActiveCfg = Release|Any CPU
		{F226B1A9-7970-4D16-87C5-F001BE000207}.Release|Any CPU.Build.0 = Release|Any CPU
		{B5B35690-C41F-4FFC-B16F-160CA7DBE68A}.Debug|Any CPU.ActiveCfg = Debug|Any CPU
		{B5B35690-C41F-4FFC-B16F-160CA7DBE68A}.Debug|Any CPU.Build.0 = Debug|Any CPU
		{B5B35690-C41F-4FFC-B16F-160CA7DBE68A}.Release|Any CPU.ActiveCfg = Release|Any CPU
		{B5B35690-C41F-4FFC-B16F-160CA7DBE68A}.Release|Any CPU.Build.0 = Release|Any CPU
		{844C4AD8-16B8-4D09-B470-B0E2C70C7237}.Debug|Any CPU.ActiveCfg = Debug|Any CPU
		{844C4AD8-16B8-4D09-B470-B0E2C70C7237}.Debug|Any CPU.Build.0 = Debug|Any CPU
		{844C4AD8-16B8-4D09-B470-B0E2C70C7237}.Release|Any CPU.ActiveCfg = Release|Any CPU
		{844C4AD8-16B8-4D09-B470-B0E2C70C7237}.Release|Any CPU.Build.0 = Release|Any CPU
		{5D11BEE8-5552-42A3-B810-B9CE2CB80070}.Debug|Any CPU.ActiveCfg = Debug|Any CPU
		{5D11BEE8-5552-42A3-B810-B9CE2CB80070}.Debug|Any CPU.Build.0 = Debug|Any CPU
		{5D11BEE8-5552-42A3-B810-B9CE2CB80070}.Release|Any CPU.ActiveCfg = Release|Any CPU
		{5D11BEE8-5552-42A3-B810-B9CE2CB80070}.Release|Any CPU.Build.0 = Release|Any CPU
		{F6EB31F0-EF02-4E7A-B4B6-F556FAD3CCC6}.Debug|Any CPU.ActiveCfg = Debug|Any CPU
		{F6EB31F0-EF02-4E7A-B4B6-F556FAD3CCC6}.Debug|Any CPU.Build.0 = Debug|Any CPU
		{F6EB31F0-EF02-4E7A-B4B6-F556FAD3CCC6}.Release|Any CPU.ActiveCfg = Release|Any CPU
		{F6EB31F0-EF02-4E7A-B4B6-F556FAD3CCC6}.Release|Any CPU.Build.0 = Release|Any CPU
	EndGlobalSection
	GlobalSection(SolutionProperties) = preSolution
		HideSolutionNode = FALSE
	EndGlobalSection
	GlobalSection(ExtensibilityGlobals) = postSolution
		SolutionGuid = {A451AB6F-68D5-495C-ADEC-B6226C974EDE}
	EndGlobalSection
EndGlobal
